
Microsoft Visual Studio Solution File, Format Version 12.00
# Visual Studio Version 17
VisualStudioVersion = 17.0.31903.59
MinimumVisualStudioVersion = 10.0.40219.1
Project("{FAE04EC0-301F-11D3-BF4B-00C04F79EFBC}") = "TestExecutor.Application", "TestExecutor.Application\TestExecutor.Application.csproj", "{587D5C80-AD3F-4B3F-ABBF-E80BF7045691}"
EndProject
Project("{FAE04EC0-301F-11D3-BF4B-00C04F79EFBC}") = "TestExecutor.Core", "TestExecutor.Core\TestExecutor.Core.csproj", "{1A45D87E-E666-4090-BC2E-8926A89A4FF5}"
EndProject
Project("{FAE04EC0-301F-11D3-BF4B-00C04F79EFBC}") = "Tests", "Tests\Tests.csproj", "{08D30686-2193-4463-97EE-F1C14D2FEBE5}"
EndProject
Project("{F2A71F9B-5D33-465A-A702-920D77279786}") = "TestExecutor.IL", "TestExecutor.IL\TestExecutor.IL.fsproj", "{2D7EDA07-494E-4AA9-9687-A7BBD3D6DFD3}"
EndProject
Project("{F2A71F9B-5D33-465A-A702-920D77279786}") = "TestExecutor.Utils", "TestExecutor.Utils\TestExecutor.Utils.fsproj", "{BB01C86A-78F3-4E17-9E5C-9519CC873AF0}"
EndProject
Project("{F2A71F9B-5D33-465A-A702-920D77279786}") = "TestExecutor.CoverageTool", "TestExecutor.CoverageTool\TestExecutor.CoverageTool.fsproj", "{931B78AA-65D4-4BD6-99FF-DE20FA3C6FA2}"
EndProject
Project("{FAE04EC0-301F-11D3-BF4B-00C04F79EFBC}") = "TestExecutor.CSharpUtils", "TestExecutor.CSharpUtils\TestExecutor.CSharpUtils.csproj", "{1544E9BC-714F-48A6-B968-ABD7184CEDEA}"
EndProject
Global
	GlobalSection(SolutionConfigurationPlatforms) = preSolution
		Debug|Any CPU = Debug|Any CPU
		Release|Any CPU = Release|Any CPU
	EndGlobalSection
	GlobalSection(SolutionProperties) = preSolution
		HideSolutionNode = FALSE
	EndGlobalSection
	GlobalSection(ProjectConfigurationPlatforms) = postSolution
		{587D5C80-AD3F-4B3F-ABBF-E80BF7045691}.Debug|Any CPU.ActiveCfg = Debug|Any CPU
		{587D5C80-AD3F-4B3F-ABBF-E80BF7045691}.Debug|Any CPU.Build.0 = Debug|Any CPU
		{587D5C80-AD3F-4B3F-ABBF-E80BF7045691}.Release|Any CPU.ActiveCfg = Release|Any CPU
		{587D5C80-AD3F-4B3F-ABBF-E80BF7045691}.Release|Any CPU.Build.0 = Release|Any CPU
		{1A45D87E-E666-4090-BC2E-8926A89A4FF5}.Debug|Any CPU.ActiveCfg = Debug|Any CPU
		{1A45D87E-E666-4090-BC2E-8926A89A4FF5}.Debug|Any CPU.Build.0 = Debug|Any CPU
		{1A45D87E-E666-4090-BC2E-8926A89A4FF5}.Release|Any CPU.ActiveCfg = Release|Any CPU
		{1A45D87E-E666-4090-BC2E-8926A89A4FF5}.Release|Any CPU.Build.0 = Release|Any CPU
		{08D30686-2193-4463-97EE-F1C14D2FEBE5}.Debug|Any CPU.ActiveCfg = Debug|Any CPU
		{08D30686-2193-4463-97EE-F1C14D2FEBE5}.Debug|Any CPU.Build.0 = Debug|Any CPU
		{08D30686-2193-4463-97EE-F1C14D2FEBE5}.Release|Any CPU.ActiveCfg = Release|Any CPU
		{08D30686-2193-4463-97EE-F1C14D2FEBE5}.Release|Any CPU.Build.0 = Release|Any CPU
		{2D7EDA07-494E-4AA9-9687-A7BBD3D6DFD3}.Debug|Any CPU.ActiveCfg = Debug|Any CPU
		{2D7EDA07-494E-4AA9-9687-A7BBD3D6DFD3}.Debug|Any CPU.Build.0 = Debug|Any CPU
		{2D7EDA07-494E-4AA9-9687-A7BBD3D6DFD3}.Release|Any CPU.ActiveCfg = Release|Any CPU
		{2D7EDA07-494E-4AA9-9687-A7BBD3D6DFD3}.Release|Any CPU.Build.0 = Release|Any CPU
		{BB01C86A-78F3-4E17-9E5C-9519CC873AF0}.Debug|Any CPU.ActiveCfg = Debug|Any CPU
		{BB01C86A-78F3-4E17-9E5C-9519CC873AF0}.Debug|Any CPU.Build.0 = Debug|Any CPU
		{BB01C86A-78F3-4E17-9E5C-9519CC873AF0}.Release|Any CPU.ActiveCfg = Release|Any CPU
		{BB01C86A-78F3-4E17-9E5C-9519CC873AF0}.Release|Any CPU.Build.0 = Release|Any CPU
		{931B78AA-65D4-4BD6-99FF-DE20FA3C6FA2}.Debug|Any CPU.ActiveCfg = Debug|Any CPU
		{931B78AA-65D4-4BD6-99FF-DE20FA3C6FA2}.Debug|Any CPU.Build.0 = Debug|Any CPU
		{931B78AA-65D4-4BD6-99FF-DE20FA3C6FA2}.Release|Any CPU.ActiveCfg = Release|Any CPU
		{931B78AA-65D4-4BD6-99FF-DE20FA3C6FA2}.Release|Any CPU.Build.0 = Release|Any CPU
		{1544E9BC-714F-48A6-B968-ABD7184CEDEA}.Debug|Any CPU.ActiveCfg = Debug|Any CPU
		{1544E9BC-714F-48A6-B968-ABD7184CEDEA}.Debug|Any CPU.Build.0 = Debug|Any CPU
		{1544E9BC-714F-48A6-B968-ABD7184CEDEA}.Release|Any CPU.ActiveCfg = Release|Any CPU
		{1544E9BC-714F-48A6-B968-ABD7184CEDEA}.Release|Any CPU.Build.0 = Release|Any CPU
	EndGlobalSection
EndGlobal
